
Microsoft Visual Studio Solution File, Format Version 12.00
# Visual Studio 15
VisualStudioVersion = 15.0.28010.2046
MinimumVisualStudioVersion = 10.0.40219.1
Project("{FAE04EC0-301F-11D3-BF4B-00C04F79EFBC}") = "TestLuis", "TestLuis\TestLuis.csproj", "{D49D06D4-8311-4E2E-9DC5-6E2A0EF64D2E}"
EndProject
Global
	GlobalSection(SolutionConfigurationPlatforms) = preSolution
		Debug|Any CPU = Debug|Any CPU
		Release|Any CPU = Release|Any CPU
	EndGlobalSection
	GlobalSection(ProjectConfigurationPlatforms) = postSolution
		{D49D06D4-8311-4E2E-9DC5-6E2A0EF64D2E}.Debug|Any CPU.ActiveCfg = Debug|Any CPU
		{D49D06D4-8311-4E2E-9DC5-6E2A0EF64D2E}.Debug|Any CPU.Build.0 = Debug|Any CPU
		{D49D06D4-8311-4E2E-9DC5-6E2A0EF64D2E}.Release|Any CPU.ActiveCfg = Release|Any CPU
		{D49D06D4-8311-4E2E-9DC5-6E2A0EF64D2E}.Release|Any CPU.Build.0 = Release|Any CPU
	EndGlobalSection
	GlobalSection(SolutionProperties) = preSolution
		HideSolutionNode = FALSE
	EndGlobalSection
	GlobalSection(ExtensibilityGlobals) = postSolution
		SolutionGuid = {07C8A991-B743-4937-971B-3F89C4A4AD0E}
	EndGlobalSection
EndGlobal
